
Microsoft Visual Studio Solution File, Format Version 12.00
# Visual Studio Version 17
VisualStudioVersion = 17.7.34018.315
MinimumVisualStudioVersion = 10.0.40219.1
Project("{8BC9CEB8-8B4A-11D0-8D11-00A0C91BC942}") = "test", "IGUILib\IGUILib.vcxproj", "{3733B1BE-F450-4769-8DBA-1B8A8984CA5E}"
EndProject
Project("{8BC9CEB8-8B4A-11D0-8D11-00A0C91BC942}") = "igui-lib", "igui-lib\igui-lib.vcxproj", "{B80AF02E-9B9B-410D-B5AB-61BCA799514C}"
EndProject
Global
	GlobalSection(SolutionConfigurationPlatforms) = preSolution
		Debug|x64 = Debug|x64
		Debug|x86 = Debug|x86
		Release|x64 = Release|x64
		Release|x86 = Release|x86
	EndGlobalSection
	GlobalSection(ProjectConfigurationPlatforms) = postSolution
		{3733B1BE-F450-4769-8DBA-1B8A8984CA5E}.Debug|x64.ActiveCfg = Debug|x64
		{3733B1BE-F450-4769-8DBA-1B8A8984CA5E}.Debug|x64.Build.0 = Debug|x64
		{3733B1BE-F450-4769-8DBA-1B8A8984CA5E}.Debug|x86.ActiveCfg = Debug|Win32
		{3733B1BE-F450-4769-8DBA-1B8A8984CA5E}.Debug|x86.Build.0 = Debug|Win32
		{3733B1BE-F450-4769-8DBA-1B8A8984CA5E}.Release|x64.ActiveCfg = Release|x64
		{3733B1BE-F450-4769-8DBA-1B8A8984CA5E}.Release|x64.Build.0 = Release|x64
		{3733B1BE-F450-4769-8DBA-1B8A8984CA5E}.Release|x86.ActiveCfg = Release|Win32
		{3733B1BE-F450-4769-8DBA-1B8A8984CA5E}.Release|x86.Build.0 = Release|Win32
		{B80AF02E-9B9B-410D-B5AB-61BCA799514C}.Debug|x64.ActiveCfg = Debug|x64
		{B80AF02E-9B9B-410D-B5AB-61BCA799514C}.Debug|x64.Build.0 = Debug|x64
		{B80AF02E-9B9B-410D-B5AB-61BCA799514C}.Debug|x86.ActiveCfg = Debug|Win32
		{B80AF02E-9B9B-410D-B5AB-61BCA799514C}.Debug|x86.Build.0 = Debug|Win32
		{B80AF02E-9B9B-410D-B5AB-61BCA799514C}.Release|x64.ActiveCfg = Release|x64
		{B80AF02E-9B9B-410D-B5AB-61BCA799514C}.Release|x64.Build.0 = Release|x64
		{B80AF02E-9B9B-410D-B5AB-61BCA799514C}.Release|x86.ActiveCfg = Release|Win32
		{B80AF02E-9B9B-410D-B5AB-61BCA799514C}.Release|x86.Build.0 = Release|Win32
	EndGlobalSection
	GlobalSection(SolutionProperties) = preSolution
		HideSolutionNode = FALSE
	EndGlobalSection
	GlobalSection(ExtensibilityGlobals) = postSolution
		SolutionGuid = {514B05FC-0CC8-47AD-A2DF-4F3395A65867}
	EndGlobalSection
EndGlobal
